{
  "name": "spell-check-wordlist",
  "version": "0.0.0",
  "lockfileVersion": 1,
  "requires": true,
  "dependencies": {
    "@types/atom": {
      "version": "1.36.1",
      "resolved": "https://registry.npmjs.org/@types/atom/-/atom-1.36.1.tgz",
      "integrity": "sha512-MQ/zyNSTd+1Q1InztnMDWRKfk0bGs1Lah5ggT7JKOqGwEwCNxTXFDuF7WcmEo2sO4d2OzaypmG1AX13N8oyMJQ==",
      "dev": true,
      "requires": {
        "@types/node": "*"
      }
    },
    "@types/node": {
      "version": "9.6.51",
      "resolved": "https://registry.npmjs.org/@types/node/-/node-9.6.51.tgz",
      "integrity": "sha512-5lhC7QM2J3b/+epdwaNfRuG2peN4c9EX+mkd27+SqLKhJSdswHTZvc4aZLBZChi+Wo32+E1DeMZs0fSpu/uBXQ==",
      "dev": true
    },
    "afinn-165": {
      "version": "1.0.3",
      "resolved": "https://registry.npmjs.org/afinn-165/-/afinn-165-1.0.3.tgz",
      "integrity": "sha512-LTwJcUGRzjQCR6uQCXMEUkoecezmWNjyWRjPm9pv0WlIYtLLaOnVsR1RvAdSMgOJPTFNlxS1IkfXxrkmV+gcyQ=="
    },
    "apparatus": {
      "version": "0.0.10",
      "resolved": "https://registry.npmjs.org/apparatus/-/apparatus-0.0.10.tgz",
      "integrity": "sha512-KLy/ugo33KZA7nugtQ7O0E1c8kQ52N3IvD/XgIh4w/Nr28ypfkwDfA67F1ev4N1m5D+BOk1+b2dEJDfpj/VvZg==",
      "requires": {
        "sylvester": ">= 0.0.8"
      }
    },
    "atom-package-deps": {
      "version": "4.6.2",
      "resolved": "https://registry.npmjs.org/atom-package-deps/-/atom-package-deps-4.6.2.tgz",
      "integrity": "sha512-GOcCULZPzpcFfnHo9Oz5fT/EaArFHNs84E4rp/Nox0/GlS1UYkEF44FRdgD+7TxAudRfQAXE0a8wh0GealCXZg==",
      "requires": {
        "atom-package-path": "^1.1.0",
        "sb-fs": "^3.0.0",
        "semver": "^5.3.0"
      }
    },
    "atom-package-path": {
      "version": "1.1.0",
      "resolved": "https://registry.npmjs.org/atom-package-path/-/atom-package-path-1.1.0.tgz",
      "integrity": "sha1-tR/tvADnyM5SI9DYA9t6P09pYU8=",
      "requires": {
        "sb-callsite": "^1.1.2"
      }
    },
    "atom-pathspec": {
      "version": "0.0.0",
      "resolved": "https://registry.npmjs.org/atom-pathspec/-/atom-pathspec-0.0.0.tgz",
      "integrity": "sha512-7UMEHdTtBV5sJONT0uMeQ6M8JFdfMQy/14rxuP6OuoFfSiDjxyZHuorIbv8gqhRB3FQMMLPzqONoFJE2cpHiCg=="
    },
    "atom-ts-transpiler": {
      "version": "1.5.2",
      "resolved": "https://registry.npmjs.org/atom-ts-transpiler/-/atom-ts-transpiler-1.5.2.tgz",
      "integrity": "sha512-X1Ii+whd+9MuwzV6nXyqpAOq886PH70YcCDDXgFGwkkfMChJndbedBAPUhnp9JqgoktiY0JLkOMmFsdBwuf70g=="
    },
    "is-utf8": {
      "version": "0.2.1",
      "resolved": "https://registry.npmjs.org/is-utf8/-/is-utf8-0.2.1.tgz",
      "integrity": "sha1-Sw2hRCEE0bM2NA6AeX6GXPOffXI="
    },
    "json-stable-stringify": {
      "version": "1.0.1",
      "resolved": "https://registry.npmjs.org/json-stable-stringify/-/json-stable-stringify-1.0.1.tgz",
      "integrity": "sha1-mnWdOcXy/1A/1TAGRu1EX4jE+a8=",
      "requires": {
        "jsonify": "~0.0.0"
      }
    },
    "jsonify": {
      "version": "0.0.0",
      "resolved": "https://registry.npmjs.org/jsonify/-/jsonify-0.0.0.tgz",
      "integrity": "sha1-LHS27kHZPKUbe1qu6PUDYx0lKnM="
    },
    "lodash": {
      "version": "4.17.15",
      "resolved": "https://registry.npmjs.org/lodash/-/lodash-4.17.15.tgz",
      "integrity": "sha512-8xOcRHvCjnocdS5cpwXQXVzmmh5e5+saE2QGoeQmbKmRS6J3VQppPOIt0MnmE+4xlZoumy0GPG0D0MVIQbNA1A=="
    },
    "natural": {
      "version": "0.6.3",
      "resolved": "https://registry.npmjs.org/natural/-/natural-0.6.3.tgz",
      "integrity": "sha512-78fcEdNN6Y4pv8SOLPDhJTlUG+8IiQzNx0nYpl0k7q00K4ZZuds+wDWfSa6eeiPcSQDncvV44WWGsi70/ZP3+w==",
      "requires": {
        "afinn-165": "^1.0.2",
        "apparatus": "^0.0.10",
        "json-stable-stringify": "^1.0.1",
        "sylvester": "^0.0.12",
        "underscore": "^1.3.1"
      }
    },
    "sb-callsite": {
      "version": "1.1.2",
      "resolved": "https://registry.npmjs.org/sb-callsite/-/sb-callsite-1.1.2.tgz",
      "integrity": "sha1-KBkftm1k46PukghKlakPy1ECJDs="
    },
    "sb-fs": {
      "version": "3.0.0",
      "resolved": "https://registry.npmjs.org/sb-fs/-/sb-fs-3.0.0.tgz",
      "integrity": "sha1-+9zdMBDoChuOJ0kM7zNgZJdCA7g=",
      "requires": {
        "sb-promisify": "^2.0.1",
        "strip-bom-buf": "^1.0.0"
      }
    },
    "sb-promisify": {
      "version": "2.0.2",
      "resolved": "https://registry.npmjs.org/sb-promisify/-/sb-promisify-2.0.2.tgz",
      "integrity": "sha1-QnelR1RIiqlnXYhuNU24lMm9yYE="
    },
    "semver": {
      "version": "5.5.0",
      "resolved": "https://registry.npmjs.org/semver/-/semver-5.5.0.tgz",
      "integrity": "sha512-4SJ3dm0WAwWy/NVeioZh5AntkdJoWKxHxcmyP622fOkgHa4z3R0TdBJICINyaSDE6uNwVc8gZr+ZinwZAH4xIA=="
    },
    "spelling-manager": {
      "version": "1.2.3",
      "resolved": "https://registry.npmjs.org/spelling-manager/-/spelling-manager-1.2.3.tgz",
      "integrity": "sha512-UO+daGiEd+BNzYOtj+DyWnqXax6AVgSwrQFqkFTaNEhv8sLbbIaITGRxPu6pVKjtxVztMykB4hC7d+NR0urqBA==",
      "requires": {
        "natural": "^0.6.3",
        "xregexp": "^3.2.0"
      }
    },
    "strip-bom-buf": {
      "version": "1.0.0",
      "resolved": "https://registry.npmjs.org/strip-bom-buf/-/strip-bom-buf-1.0.0.tgz",
      "integrity": "sha1-HLRar1dTD0yvhsf3UXnSyaUd1XI=",
      "requires": {
        "is-utf8": "^0.2.1"
      }
    },
    "sylvester": {
      "version": "0.0.12",
      "resolved": "https://registry.npmjs.org/sylvester/-/sylvester-0.0.12.tgz",
      "integrity": "sha1-WohEFc0tACxX56OqyZRip1zp/bQ="
    },
    "typescript": {
      "version": "2.9.2",
      "resolved": "https://registry.npmjs.org/typescript/-/typescript-2.9.2.tgz",
      "integrity": "sha512-Gr4p6nFNaoufRIY4NMdpQRNmgxVIGMs4Fcu/ujdYk3nAZqk7supzBE9idmvfZIlH/Cuj//dvi+019qEue9lV0w=="
    },
    "underscore": {
      "version": "1.9.1",
      "resolved": "https://registry.npmjs.org/underscore/-/underscore-1.9.1.tgz",
      "integrity": "sha512-5/4etnCkd9c8gwgowi5/om/mYO5ajCaOgdzj/oW+0eQV9WxKBDZw5+ycmKmeaTXjInS/W0BzpGLo2xR2aBwZdg=="
    },
    "xregexp": {
      "version": "3.2.0",
      "resolved": "https://registry.npmjs.org/xregexp/-/xregexp-3.2.0.tgz",
      "integrity": "sha1-yzYBmHv+JpW1hAAMGPHEqMMih44="
    }
  }
}
